
Microsoft Visual Studio Solution File, Format Version 12.00
# Visual Studio 14
VisualStudioVersion = 14.0.25123.0
MinimumVisualStudioVersion = 10.0.40219.1
Project("{2150E333-8FDC-42A3-9474-1A3956D46DE8}") = "Samples", "Samples", "{44E3A39D-9A1F-4386-A48B-07F207D9B963}"
EndProject
Project("{FAE04EC0-301F-11D3-BF4B-00C04F79EFBC}") = "Tables.iOS.Sample", "Samples\Tables.iOS.Sample\Tables.iOS.Sample.csproj", "{A076F048-4002-4C2F-8672-019432E83F0E}"
EndProject
Project("{D954291E-2A0B-460D-934E-DC6B0785DB48}") = "Tables.Shared", "Samples\Tables.Shared\Tables.Shared.shproj", "{452B813A-E191-4725-8BFC-21B2255B7884}"
EndProject
Project("{FAE04EC0-301F-11D3-BF4B-00C04F79EFBC}") = "Tables.Android.Sample", "Samples\Tables.Android.Sample\Tables.Android.Sample.csproj", "{E4F36C44-D693-4B8A-9225-E0F44FC8AB74}"
EndProject
Project("{FAE04EC0-301F-11D3-BF4B-00C04F79EFBC}") = "SimpleTables.iOS", "src\SimpleTables.iOS\SimpleTables.iOS.csproj", "{FFDAC76C-FB0C-4B30-B802-59112659A2D9}"
EndProject
Project("{FAE04EC0-301F-11D3-BF4B-00C04F79EFBC}") = "SimpleTables.Droid", "src\SimpleTables.Droid\SimpleTables.Droid.csproj", "{040CA4CF-74E9-419B-A534-EE761D24C8FA}"
EndProject
Project("{FAE04EC0-301F-11D3-BF4B-00C04F79EFBC}") = "SimpleTables.Mac", "src\SimpleTables.Mac\SimpleTables.Mac.csproj", "{36A61C93-6C47-4CEB-BC6A-FF659CE6F7D3}"
EndProject
Project("{FAE04EC0-301F-11D3-BF4B-00C04F79EFBC}") = "SimpleTables.Pcl", "src\SimpleTables.Pcl\SimpleTables.Pcl.csproj", "{2C965E26-44E9-4C5A-81C8-283B9A237A4C}"
EndProject
Global
	GlobalSection(SharedMSBuildProjectFiles) = preSolution
		Samples\Tables.Shared\Tables.Shared.projitems*{452b813a-e191-4725-8bfc-21b2255b7884}*SharedItemsImports = 13
		src\SimpleTables\SimpleTables.Shared.projitems*{040ca4cf-74e9-419b-a534-ee761d24c8fa}*SharedItemsImports = 4
		Samples\Tables.Shared\Tables.Shared.projitems*{e4f36c44-d693-4b8a-9225-e0f44fc8ab74}*SharedItemsImports = 4
		Samples\Tables.Shared\Tables.Shared.projitems*{a076f048-4002-4c2f-8672-019432e83f0e}*SharedItemsImports = 4
		src\SimpleTables\SimpleTables.Shared.projitems*{2c965e26-44e9-4c5a-81c8-283b9a237a4c}*SharedItemsImports = 4
		src\SimpleTables\SimpleTables.Shared.projitems*{ccacf42c-24f0-4032-a17e-bf2b45f380f0}*SharedItemsImports = 13
		src\SimpleTables\SimpleTables.Shared.projitems*{ffdac76c-fb0c-4b30-b802-59112659a2d9}*SharedItemsImports = 4
	EndGlobalSection
	GlobalSection(SolutionConfigurationPlatforms) = preSolution
		Ad-Hoc|Any CPU = Ad-Hoc|Any CPU
		Ad-Hoc|iPhone = Ad-Hoc|iPhone
		Ad-Hoc|iPhoneSimulator = Ad-Hoc|iPhoneSimulator
		AppStore|Any CPU = AppStore|Any CPU
		AppStore|iPhone = AppStore|iPhone
		AppStore|iPhoneSimulator = AppStore|iPhoneSimulator
		Debug|Any CPU = Debug|Any CPU
		Debug|iPhone = Debug|iPhone
		Debug|iPhoneSimulator = Debug|iPhoneSimulator
		Release|Any CPU = Release|Any CPU
		Release|iPhone = Release|iPhone
		Release|iPhoneSimulator = Release|iPhoneSimulator
	EndGlobalSection
	GlobalSection(ProjectConfigurationPlatforms) = postSolution
		{A076F048-4002-4C2F-8672-019432E83F0E}.Ad-Hoc|Any CPU.ActiveCfg = Release|iPhoneSimulator
		{A076F048-4002-4C2F-8672-019432E83F0E}.Ad-Hoc|Any CPU.Build.0 = Release|iPhoneSimulator
		{A076F048-4002-4C2F-8672-019432E83F0E}.Ad-Hoc|iPhone.ActiveCfg = Release|iPhone
		{A076F048-4002-4C2F-8672-019432E83F0E}.Ad-Hoc|iPhone.Build.0 = Release|iPhone
		{A076F048-4002-4C2F-8672-019432E83F0E}.Ad-Hoc|iPhoneSimulator.ActiveCfg = Release|iPhoneSimulator
		{A076F048-4002-4C2F-8672-019432E83F0E}.Ad-Hoc|iPhoneSimulator.Build.0 = Release|iPhoneSimulator
		{A076F048-4002-4C2F-8672-019432E83F0E}.AppStore|Any CPU.ActiveCfg = Release|iPhoneSimulator
		{A076F048-4002-4C2F-8672-019432E83F0E}.AppStore|Any CPU.Build.0 = Release|iPhoneSimulator
		{A076F048-4002-4C2F-8672-019432E83F0E}.AppStore|iPhone.ActiveCfg = Release|iPhone
		{A076F048-4002-4C2F-8672-019432E83F0E}.AppStore|iPhone.Build.0 = Release|iPhone
		{A076F048-4002-4C2F-8672-019432E83F0E}.AppStore|iPhoneSimulator.ActiveCfg = Release|iPhoneSimulator
		{A076F048-4002-4C2F-8672-019432E83F0E}.AppStore|iPhoneSimulator.Build.0 = Release|iPhoneSimulator
		{A076F048-4002-4C2F-8672-019432E83F0E}.Debug|Any CPU.ActiveCfg = Debug|iPhoneSimulator
		{A076F048-4002-4C2F-8672-019432E83F0E}.Debug|Any CPU.Build.0 = Debug|iPhoneSimulator
		{A076F048-4002-4C2F-8672-019432E83F0E}.Debug|iPhone.ActiveCfg = Debug|iPhone
		{A076F048-4002-4C2F-8672-019432E83F0E}.Debug|iPhone.Build.0 = Debug|iPhone
		{A076F048-4002-4C2F-8672-019432E83F0E}.Debug|iPhoneSimulator.ActiveCfg = Debug|iPhoneSimulator
		{A076F048-4002-4C2F-8672-019432E83F0E}.Debug|iPhoneSimulator.Build.0 = Debug|iPhoneSimulator
		{A076F048-4002-4C2F-8672-019432E83F0E}.Release|Any CPU.ActiveCfg = Release|iPhone
		{A076F048-4002-4C2F-8672-019432E83F0E}.Release|Any CPU.Build.0 = Release|iPhone
		{A076F048-4002-4C2F-8672-019432E83F0E}.Release|iPhone.ActiveCfg = Release|iPhone
		{A076F048-4002-4C2F-8672-019432E83F0E}.Release|iPhone.Build.0 = Release|iPhone
		{A076F048-4002-4C2F-8672-019432E83F0E}.Release|iPhoneSimulator.ActiveCfg = Release|iPhoneSimulator
		{A076F048-4002-4C2F-8672-019432E83F0E}.Release|iPhoneSimulator.Build.0 = Release|iPhoneSimulator
		{E4F36C44-D693-4B8A-9225-E0F44FC8AB74}.Ad-Hoc|Any CPU.ActiveCfg = Debug|Any CPU
		{E4F36C44-D693-4B8A-9225-E0F44FC8AB74}.Ad-Hoc|Any CPU.Build.0 = Debug|Any CPU
		{E4F36C44-D693-4B8A-9225-E0F44FC8AB74}.Ad-Hoc|Any CPU.Deploy.0 = Debug|Any CPU
		{E4F36C44-D693-4B8A-9225-E0F44FC8AB74}.Ad-Hoc|iPhone.ActiveCfg = Release|Any CPU
		{E4F36C44-D693-4B8A-9225-E0F44FC8AB74}.Ad-Hoc|iPhone.Build.0 = Release|Any CPU
		{E4F36C44-D693-4B8A-9225-E0F44FC8AB74}.Ad-Hoc|iPhoneSimulator.ActiveCfg = Debug|Any CPU
		{E4F36C44-D693-4B8A-9225-E0F44FC8AB74}.Ad-Hoc|iPhoneSimulator.Build.0 = Debug|Any CPU
		{E4F36C44-D693-4B8A-9225-E0F44FC8AB74}.Ad-Hoc|iPhoneSimulator.Deploy.0 = Debug|Any CPU
		{E4F36C44-D693-4B8A-9225-E0F44FC8AB74}.AppStore|Any CPU.ActiveCfg = Debug|Any CPU
		{E4F36C44-D693-4B8A-9225-E0F44FC8AB74}.AppStore|Any CPU.Build.0 = Debug|Any CPU
		{E4F36C44-D693-4B8A-9225-E0F44FC8AB74}.AppStore|Any CPU.Deploy.0 = Debug|Any CPU
		{E4F36C44-D693-4B8A-9225-E0F44FC8AB74}.AppStore|iPhone.ActiveCfg = Release|Any CPU
		{E4F36C44-D693-4B8A-9225-E0F44FC8AB74}.AppStore|iPhone.Build.0 = Release|Any CPU
		{E4F36C44-D693-4B8A-9225-E0F44FC8AB74}.AppStore|iPhoneSimulator.ActiveCfg = Debug|Any CPU
		{E4F36C44-D693-4B8A-9225-E0F44FC8AB74}.AppStore|iPhoneSimulator.Build.0 = Debug|Any CPU
		{E4F36C44-D693-4B8A-9225-E0F44FC8AB74}.AppStore|iPhoneSimulator.Deploy.0 = Debug|Any CPU
		{E4F36C44-D693-4B8A-9225-E0F44FC8AB74}.Debug|Any CPU.ActiveCfg = Debug|Any CPU
		{E4F36C44-D693-4B8A-9225-E0F44FC8AB74}.Debug|Any CPU.Build.0 = Debug|Any CPU
		{E4F36C44-D693-4B8A-9225-E0F44FC8AB74}.Debug|iPhone.ActiveCfg = Debug|Any CPU
		{E4F36C44-D693-4B8A-9225-E0F44FC8AB74}.Debug|iPhone.Build.0 = Debug|Any CPU
		{E4F36C44-D693-4B8A-9225-E0F44FC8AB74}.Debug|iPhoneSimulator.ActiveCfg = Debug|Any CPU
		{E4F36C44-D693-4B8A-9225-E0F44FC8AB74}.Debug|iPhoneSimulator.Build.0 = Debug|Any CPU
		{E4F36C44-D693-4B8A-9225-E0F44FC8AB74}.Release|Any CPU.ActiveCfg = Release|Any CPU
		{E4F36C44-D693-4B8A-9225-E0F44FC8AB74}.Release|Any CPU.Build.0 = Release|Any CPU
		{E4F36C44-D693-4B8A-9225-E0F44FC8AB74}.Release|iPhone.ActiveCfg = Release|Any CPU
		{E4F36C44-D693-4B8A-9225-E0F44FC8AB74}.Release|iPhone.Build.0 = Release|Any CPU
		{E4F36C44-D693-4B8A-9225-E0F44FC8AB74}.Release|iPhoneSimulator.ActiveCfg = Release|Any CPU
		{E4F36C44-D693-4B8A-9225-E0F44FC8AB74}.Release|iPhoneSimulator.Build.0 = Release|Any CPU
		{FFDAC76C-FB0C-4B30-B802-59112659A2D9}.Ad-Hoc|Any CPU.ActiveCfg = Debug|Any CPU
		{FFDAC76C-FB0C-4B30-B802-59112659A2D9}.Ad-Hoc|Any CPU.Build.0 = Debug|Any CPU
		{FFDAC76C-FB0C-4B30-B802-59112659A2D9}.Ad-Hoc|iPhone.ActiveCfg = Release|Any CPU
		{FFDAC76C-FB0C-4B30-B802-59112659A2D9}.Ad-Hoc|iPhone.Build.0 = Release|Any CPU
		{FFDAC76C-FB0C-4B30-B802-59112659A2D9}.Ad-Hoc|iPhoneSimulator.ActiveCfg = Debug|Any CPU
		{FFDAC76C-FB0C-4B30-B802-59112659A2D9}.Ad-Hoc|iPhoneSimulator.Build.0 = Debug|Any CPU
		{FFDAC76C-FB0C-4B30-B802-59112659A2D9}.AppStore|Any CPU.ActiveCfg = Debug|Any CPU
		{FFDAC76C-FB0C-4B30-B802-59112659A2D9}.AppStore|Any CPU.Build.0 = Debug|Any CPU
		{FFDAC76C-FB0C-4B30-B802-59112659A2D9}.AppStore|iPhone.ActiveCfg = Release|Any CPU
		{FFDAC76C-FB0C-4B30-B802-59112659A2D9}.AppStore|iPhone.Build.0 = Release|Any CPU
		{FFDAC76C-FB0C-4B30-B802-59112659A2D9}.AppStore|iPhoneSimulator.ActiveCfg = Debug|Any CPU
		{FFDAC76C-FB0C-4B30-B802-59112659A2D9}.AppStore|iPhoneSimulator.Build.0 = Debug|Any CPU
		{FFDAC76C-FB0C-4B30-B802-59112659A2D9}.Debug|Any CPU.ActiveCfg = Debug|Any CPU
		{FFDAC76C-FB0C-4B30-B802-59112659A2D9}.Debug|Any CPU.Build.0 = Debug|Any CPU
		{FFDAC76C-FB0C-4B30-B802-59112659A2D9}.Debug|iPhone.ActiveCfg = Debug|Any CPU
		{FFDAC76C-FB0C-4B30-B802-59112659A2D9}.Debug|iPhone.Build.0 = Debug|Any CPU
		{FFDAC76C-FB0C-4B30-B802-59112659A2D9}.Debug|iPhoneSimulator.ActiveCfg = Debug|Any CPU
		{FFDAC76C-FB0C-4B30-B802-59112659A2D9}.Debug|iPhoneSimulator.Build.0 = Debug|Any CPU
		{FFDAC76C-FB0C-4B30-B802-59112659A2D9}.Release|Any CPU.ActiveCfg = Release|Any CPU
		{FFDAC76C-FB0C-4B30-B802-59112659A2D9}.Release|Any CPU.Build.0 = Release|Any CPU
		{FFDAC76C-FB0C-4B30-B802-59112659A2D9}.Release|iPhone.ActiveCfg = Release|Any CPU
		{FFDAC76C-FB0C-4B30-B802-59112659A2D9}.Release|iPhone.Build.0 = Release|Any CPU
		{FFDAC76C-FB0C-4B30-B802-59112659A2D9}.Release|iPhoneSimulator.ActiveCfg = Release|Any CPU
		{FFDAC76C-FB0C-4B30-B802-59112659A2D9}.Release|iPhoneSimulator.Build.0 = Release|Any CPU
		{040CA4CF-74E9-419B-A534-EE761D24C8FA}.Ad-Hoc|Any CPU.ActiveCfg = Debug|Any CPU
		{040CA4CF-74E9-419B-A534-EE761D24C8FA}.Ad-Hoc|Any CPU.Build.0 = Debug|Any CPU
		{040CA4CF-74E9-419B-A534-EE761D24C8FA}.Ad-Hoc|iPhone.ActiveCfg = Release|Any CPU
		{040CA4CF-74E9-419B-A534-EE761D24C8FA}.Ad-Hoc|iPhone.Build.0 = Release|Any CPU
		{040CA4CF-74E9-419B-A534-EE761D24C8FA}.Ad-Hoc|iPhoneSimulator.ActiveCfg = Debug|Any CPU
		{040CA4CF-74E9-419B-A534-EE761D24C8FA}.Ad-Hoc|iPhoneSimulator.Build.0 = Debug|Any CPU
		{040CA4CF-74E9-419B-A534-EE761D24C8FA}.AppStore|Any CPU.ActiveCfg = Debug|Any CPU
		{040CA4CF-74E9-419B-A534-EE761D24C8FA}.AppStore|Any CPU.Build.0 = Debug|Any CPU
		{040CA4CF-74E9-419B-A534-EE761D24C8FA}.AppStore|iPhone.ActiveCfg = Release|Any CPU
		{040CA4CF-74E9-419B-A534-EE761D24C8FA}.AppStore|iPhone.Build.0 = Release|Any CPU
		{040CA4CF-74E9-419B-A534-EE761D24C8FA}.AppStore|iPhoneSimulator.ActiveCfg = Debug|Any CPU
		{040CA4CF-74E9-419B-A534-EE761D24C8FA}.AppStore|iPhoneSimulator.Build.0 = Debug|Any CPU
		{040CA4CF-74E9-419B-A534-EE761D24C8FA}.Debug|Any CPU.ActiveCfg = Debug|Any CPU
		{040CA4CF-74E9-419B-A534-EE761D24C8FA}.Debug|Any CPU.Build.0 = Debug|Any CPU
		{040CA4CF-74E9-419B-A534-EE761D24C8FA}.Debug|iPhone.ActiveCfg = Debug|Any CPU
		{040CA4CF-74E9-419B-A534-EE761D24C8FA}.Debug|iPhone.Build.0 = Debug|Any CPU
		{040CA4CF-74E9-419B-A534-EE761D24C8FA}.Debug|iPhoneSimulator.ActiveCfg = Debug|Any CPU
		{040CA4CF-74E9-419B-A534-EE761D24C8FA}.Debug|iPhoneSimulator.Build.0 = Debug|Any CPU
		{040CA4CF-74E9-419B-A534-EE761D24C8FA}.Release|Any CPU.ActiveCfg = Release|Any CPU
		{040CA4CF-74E9-419B-A534-EE761D24C8FA}.Release|Any CPU.Build.0 = Release|Any CPU
		{040CA4CF-74E9-419B-A534-EE761D24C8FA}.Release|iPhone.ActiveCfg = Release|Any CPU
		{040CA4CF-74E9-419B-A534-EE761D24C8FA}.Release|iPhone.Build.0 = Release|Any CPU
		{040CA4CF-74E9-419B-A534-EE761D24C8FA}.Release|iPhoneSimulator.ActiveCfg = Release|Any CPU
		{040CA4CF-74E9-419B-A534-EE761D24C8FA}.Release|iPhoneSimulator.Build.0 = Release|Any CPU
		{36A61C93-6C47-4CEB-BC6A-FF659CE6F7D3}.Ad-Hoc|Any CPU.ActiveCfg = Debug|Any CPU
		{36A61C93-6C47-4CEB-BC6A-FF659CE6F7D3}.Ad-Hoc|iPhone.ActiveCfg = Release|Any CPU
		{36A61C93-6C47-4CEB-BC6A-FF659CE6F7D3}.Ad-Hoc|iPhone.Build.0 = Release|Any CPU
		{36A61C93-6C47-4CEB-BC6A-FF659CE6F7D3}.Ad-Hoc|iPhoneSimulator.ActiveCfg = Debug|Any CPU
		{36A61C93-6C47-4CEB-BC6A-FF659CE6F7D3}.AppStore|Any CPU.ActiveCfg = Debug|Any CPU
		{36A61C93-6C47-4CEB-BC6A-FF659CE6F7D3}.AppStore|iPhone.ActiveCfg = Release|Any CPU
		{36A61C93-6C47-4CEB-BC6A-FF659CE6F7D3}.AppStore|iPhone.Build.0 = Release|Any CPU
		{36A61C93-6C47-4CEB-BC6A-FF659CE6F7D3}.AppStore|iPhoneSimulator.ActiveCfg = Debug|Any CPU
		{36A61C93-6C47-4CEB-BC6A-FF659CE6F7D3}.Debug|Any CPU.ActiveCfg = Debug|Any CPU
		{36A61C93-6C47-4CEB-BC6A-FF659CE6F7D3}.Debug|Any CPU.Build.0 = Debug|Any CPU
		{36A61C93-6C47-4CEB-BC6A-FF659CE6F7D3}.Debug|iPhone.ActiveCfg = Debug|Any CPU
		{36A61C93-6C47-4CEB-BC6A-FF659CE6F7D3}.Debug|iPhone.Build.0 = Debug|Any CPU
		{36A61C93-6C47-4CEB-BC6A-FF659CE6F7D3}.Debug|iPhoneSimulator.ActiveCfg = Debug|Any CPU
		{36A61C93-6C47-4CEB-BC6A-FF659CE6F7D3}.Debug|iPhoneSimulator.Build.0 = Debug|Any CPU
		{36A61C93-6C47-4CEB-BC6A-FF659CE6F7D3}.Release|Any CPU.ActiveCfg = Release|Any CPU
		{36A61C93-6C47-4CEB-BC6A-FF659CE6F7D3}.Release|Any CPU.Build.0 = Release|Any CPU
		{36A61C93-6C47-4CEB-BC6A-FF659CE6F7D3}.Release|iPhone.ActiveCfg = Release|Any CPU
		{36A61C93-6C47-4CEB-BC6A-FF659CE6F7D3}.Release|iPhone.Build.0 = Release|Any CPU
		{36A61C93-6C47-4CEB-BC6A-FF659CE6F7D3}.Release|iPhoneSimulator.ActiveCfg = Release|Any CPU
		{36A61C93-6C47-4CEB-BC6A-FF659CE6F7D3}.Release|iPhoneSimulator.Build.0 = Release|Any CPU
		{2C965E26-44E9-4C5A-81C8-283B9A237A4C}.Ad-Hoc|Any CPU.ActiveCfg = Debug|Any CPU
		{2C965E26-44E9-4C5A-81C8-283B9A237A4C}.Ad-Hoc|Any CPU.Build.0 = Debug|Any CPU
		{2C965E26-44E9-4C5A-81C8-283B9A237A4C}.Ad-Hoc|iPhone.ActiveCfg = Release|Any CPU
		{2C965E26-44E9-4C5A-81C8-283B9A237A4C}.Ad-Hoc|iPhone.Build.0 = Release|Any CPU
		{2C965E26-44E9-4C5A-81C8-283B9A237A4C}.Ad-Hoc|iPhoneSimulator.ActiveCfg = Debug|Any CPU
		{2C965E26-44E9-4C5A-81C8-283B9A237A4C}.Ad-Hoc|iPhoneSimulator.Build.0 = Debug|Any CPU
		{2C965E26-44E9-4C5A-81C8-283B9A237A4C}.AppStore|Any CPU.ActiveCfg = Debug|Any CPU
		{2C965E26-44E9-4C5A-81C8-283B9A237A4C}.AppStore|Any CPU.Build.0 = Debug|Any CPU
		{2C965E26-44E9-4C5A-81C8-283B9A237A4C}.AppStore|iPhone.ActiveCfg = Release|Any CPU
		{2C965E26-44E9-4C5A-81C8-283B9A237A4C}.AppStore|iPhone.Build.0 = Release|Any CPU
		{2C965E26-44E9-4C5A-81C8-283B9A237A4C}.AppStore|iPhoneSimulator.ActiveCfg = Debug|Any CPU
		{2C965E26-44E9-4C5A-81C8-283B9A237A4C}.AppStore|iPhoneSimulator.Build.0 = Debug|Any CPU
		{2C965E26-44E9-4C5A-81C8-283B9A237A4C}.Debug|Any CPU.ActiveCfg = Debug|Any CPU
		{2C965E26-44E9-4C5A-81C8-283B9A237A4C}.Debug|Any CPU.Build.0 = Debug|Any CPU
		{2C965E26-44E9-4C5A-81C8-283B9A237A4C}.Debug|iPhone.ActiveCfg = Debug|Any CPU
		{2C965E26-44E9-4C5A-81C8-283B9A237A4C}.Debug|iPhone.Build.0 = Debug|Any CPU
		{2C965E26-44E9-4C5A-81C8-283B9A237A4C}.Debug|iPhoneSimulator.ActiveCfg = Debug|Any CPU
		{2C965E26-44E9-4C5A-81C8-283B9A237A4C}.Debug|iPhoneSimulator.Build.0 = Debug|Any CPU
		{2C965E26-44E9-4C5A-81C8-283B9A237A4C}.Release|Any CPU.ActiveCfg = Release|Any CPU
		{2C965E26-44E9-4C5A-81C8-283B9A237A4C}.Release|Any CPU.Build.0 = Release|Any CPU
		{2C965E26-44E9-4C5A-81C8-283B9A237A4C}.Release|iPhone.ActiveCfg = Release|Any CPU
		{2C965E26-44E9-4C5A-81C8-283B9A237A4C}.Release|iPhone.Build.0 = Release|Any CPU
		{2C965E26-44E9-4C5A-81C8-283B9A237A4C}.Release|iPhoneSimulator.ActiveCfg = Release|Any CPU
		{2C965E26-44E9-4C5A-81C8-283B9A237A4C}.Release|iPhoneSimulator.Build.0 = Release|Any CPU
	EndGlobalSection
	GlobalSection(SolutionProperties) = preSolution
		HideSolutionNode = FALSE
	EndGlobalSection
	GlobalSection(NestedProjects) = preSolution
		{A076F048-4002-4C2F-8672-019432E83F0E} = {44E3A39D-9A1F-4386-A48B-07F207D9B963}
		{452B813A-E191-4725-8BFC-21B2255B7884} = {44E3A39D-9A1F-4386-A48B-07F207D9B963}
		{E4F36C44-D693-4B8A-9225-E0F44FC8AB74} = {44E3A39D-9A1F-4386-A48B-07F207D9B963}
	EndGlobalSection
	GlobalSection(MonoDevelopProperties) = preSolution
		StartupItem = Samples\Tables.iOS.Sample\Tables.iOS.Sample.csproj
	EndGlobalSection
EndGlobal
