
Microsoft Visual Studio Solution File, Format Version 12.00
# Visual Studio Version 16
VisualStudioVersion = 25.0.1706.6
MinimumVisualStudioVersion = 10.0.40219.1
Project("{FAE04EC0-301F-11D3-BF4B-00C04F79EFBC}") = "SimpleTables", "SimpleTables.csproj", "{542C8869-115C-4218-80B2-25F36D830BB2}"
EndProject
Global
	GlobalSection(SolutionConfigurationPlatforms) = preSolution
		Debug|Any CPU = Debug|Any CPU
		Release|Any CPU = Release|Any CPU
	EndGlobalSection
	GlobalSection(ProjectConfigurationPlatforms) = postSolution
		{542C8869-115C-4218-80B2-25F36D830BB2}.Debug|Any CPU.ActiveCfg = Debug|Any CPU
		{542C8869-115C-4218-80B2-25F36D830BB2}.Debug|Any CPU.Build.0 = Debug|Any CPU
		{542C8869-115C-4218-80B2-25F36D830BB2}.Release|Any CPU.ActiveCfg = Release|Any CPU
		{542C8869-115C-4218-80B2-25F36D830BB2}.Release|Any CPU.Build.0 = Release|Any CPU
	EndGlobalSection
	GlobalSection(SolutionProperties) = preSolution
		HideSolutionNode = FALSE
	EndGlobalSection
	GlobalSection(ExtensibilityGlobals) = postSolution
		SolutionGuid = {3F2FC70B-8448-47BC-A99C-DFDCB170BEB3}
	EndGlobalSection
EndGlobal
